
Microsoft Visual Studio Solution File, Format Version 12.00
# Visual Studio Version 17
VisualStudioVersion = 17.14.36414.22 d17.14
MinimumVisualStudioVersion = 10.0.40219.1
Project("{FAE04EC0-301F-11D3-BF4B-00C04F79EFBC}") = "WOMBank", "WOMBank.csproj", "{CDFB170A-D325-4C95-926C-417C3E57EBC4}"
EndProject
Global
	GlobalSection(SolutionConfigurationPlatforms) = preSolution
		Debug|Any CPU = Debug|Any CPU
		Release|Any CPU = Release|Any CPU
	EndGlobalSection
	GlobalSection(ProjectConfigurationPlatforms) = postSolution
		{CDFB170A-D325-4C95-926C-417C3E57EBC4}.Debug|Any CPU.ActiveCfg = Debug|Any CPU
		{CDFB170A-D325-4C95-926C-417C3E57EBC4}.Debug|Any CPU.Build.0 = Debug|Any CPU
		{CDFB170A-D325-4C95-926C-417C3E57EBC4}.Release|Any CPU.ActiveCfg = Release|Any CPU
		{CDFB170A-D325-4C95-926C-417C3E57EBC4}.Release|Any CPU.Build.0 = Release|Any CPU
	EndGlobalSection
	GlobalSection(SolutionProperties) = preSolution
		HideSolutionNode = FALSE
	EndGlobalSection
	GlobalSection(ExtensibilityGlobals) = postSolution
		SolutionGuid = {7E7AA6CD-DB70-4A7B-9145-C77FE51DFF2A}
	EndGlobalSection
EndGlobal
